version = 1
revision = 3
requires-python = ">=3.14"

[[package]]
name = "aiohappyeyeballs"
version = "2.4.6"
source = { registry = "https://artifactory.sddc.mobileye.com/artifactory/api/pypi/pypi/simple" }
sdist = { url = "https://artifactory.sddc.mobileye.com/artifactory/api/pypi/pypi/packages/packages/08/07/508f9ebba367fc3370162e53a3cfd12f5652ad79f0e0bfdf9f9847c6f159/aiohappyeyeballs-2.4.6.tar.gz", hash = "sha256:9b05052f9042985d32ecbe4b59a77ae19c006a78f1344d7fdad69d28ded3d0b0" }
wheels = [
    { url = "https://artifactory.sddc.mobileye.com/artifactory/api/pypi/pypi/packages/packages/44/4c/03fb05f56551828ec67ceb3665e5dc51638042d204983a03b0a1541475b6/aiohappyeyeballs-2.4.6-py3-none-any.whl", hash = "sha256:147ec992cf873d74f5062644332c539fcd42956dc69453fe5204195e560517e1" },
]

[[package]]
name = "aiohttp"
version = "3.11.12"
source = { registry = "https://artifactory.sddc.mobileye.com/artifactory/api/pypi/pypi/simple" }
dependencies = [
    { name = "aiohappyeyeballs" },
    { name = "aiosignal" },
    { name = "attrs" },
    { name = "frozenlist" },
    { name = "multidict" },
    { name = "propcache" },
    { name = "yarl" },
]
sdist = { url = "https://artifactory.sddc.mobileye.com/artifactory/api/pypi/pypi/packages/packages/37/4b/952d49c73084fb790cb5c6ead50848c8e96b4980ad806cf4d2ad341eaa03/aiohttp-3.11.12.tar.gz", hash = "sha256:7603ca26d75b1b86160ce1bbe2787a0b706e592af5b2504e12caa88a217767b0" }

[[package]]
name = "aiosignal"
version = "1.3.2"
source = { registry = "https://artifactory.sddc.mobileye.com/artifactory/api/pypi/pypi/simple" }
dependencies = [
    { name = "frozenlist" },
]
sdist = { url = "https://artifactory.sddc.mobileye.com/artifactory/api/pypi/pypi/packages/packages/ba/b5/6d55e80f6d8a08ce22b982eafa278d823b541c925f11ee774b0b9c43473d/aiosignal-1.3.2.tar.gz", hash = "sha256:a8c255c66fafb1e499c9351d0bf32ff2d8a0321595ebac3b93713656d2436f54" }
wheels = [
    { url = "https://artifactory.sddc.mobileye.com/artifactory/api/pypi/pypi/packages/packages/ec/6a/bc7e17a3e87a2985d3e8f4da4cd0f481060eb78fb08596c42be62c90a4d9/aiosignal-1.3.2-py2.py3-none-any.whl", hash = "sha256:45cde58e409a301715980c2b01d0c28bdde3770d8290b5eb2173759d9acb31a5" },
]

[[package]]
name = "asyncpg"
version = "0.30.0"
source = { registry = "https://artifactory.sddc.mobileye.com/artifactory/api/pypi/pypi/simple" }
sdist = { url = "https://artifactory.sddc.mobileye.com/artifactory/api/pypi/pypi/packages/packages/2f/4c/7c991e080e106d854809030d8584e15b2e996e26f16aee6d757e387bc17d/asyncpg-0.30.0.tar.gz", hash = "sha256:c551e9928ab6707602f44811817f82ba3c446e018bfe1d3abecc8ba5f3eac851" }

[[package]]
name = "attrs"
version = "25.1.0"
source = { registry = "https://artifactory.sddc.mobileye.com/artifactory/api/pypi/pypi/simple" }
sdist = { url = "https://artifactory.sddc.mobileye.com/artifactory/api/pypi/pypi/packages/packages/49/7c/fdf464bcc51d23881d110abd74b512a42b3d5d376a55a831b44c603ae17f/attrs-25.1.0.tar.gz", hash = "sha256:1c97078a80c814273a76b2a298a932eb681c87415c11dee0a6921de7f1b02c3e" }
wheels = [
    { url = "https://artifactory.sddc.mobileye.com/artifactory/api/pypi/pypi/packages/packages/fc/30/d4986a882011f9df997a55e6becd864812ccfcd821d64aac8570ee39f719/attrs-25.1.0-py3-none-any.whl", hash = "sha256:c75a69e28a550a7e93789579c22aa26b0f5b83b75dc4e08fe092980051e1090a" },
]

[[package]]
name = "basedpyright"
version = "1.38.1"
source = { registry = "https://artifactory.sddc.mobileye.com/artifactory/api/pypi/pypi/simple" }
dependencies = [
    { name = "nodejs-wheel-binaries" },
]
sdist = { url = "https://artifactory.sddc.mobileye.com/artifactory/api/pypi/pypi/packages/packages/17/ea/4d45e3c66c609496f3069a7c9e5fbd1f9ba54097c41b89048af0d8021ea6/basedpyright-1.38.1.tar.gz", hash = "sha256:e4876aa3ef7c76569ffdcd908d4e260b8d1a1deaa8838f2486f91a10b60d68d6" }
wheels = [
    { url = "https://artifactory.sddc.mobileye.com/artifactory/api/pypi/pypi/packages/packages/28/92/42f4dc30a28c052a70c939d8dbb34102674b48c89369010442038d3c888b/basedpyright-1.38.1-py3-none-any.whl", hash = "sha256:24f21661d2754687b64f3bc35efcc78781e11b08c8b2310312ed92bf178ea627" },
]

[[package]]
name = "certifi"
version = "2025.1.31"
source = { registry = "https://artifactory.sddc.mobileye.com/artifactory/api/pypi/pypi/simple" }
sdist = { url = "https://artifactory.sddc.mobileye.com/artifactory/api/pypi/pypi/packages/packages/1c/ab/c9f1e32b7b1bf505bf26f0ef697775960db7932abeb7b516de930ba2705f/certifi-2025.1.31.tar.gz", hash = "sha256:3d5da6925056f6f18f119200434a4780a94263f10d1c21d032a6f6b2baa20651" }
wheels = [
    { url = "https://artifactory.sddc.mobileye.com/artifactory/api/pypi/pypi/packages/packages/38/fc/bce832fd4fd99766c04d1ee0eead6b0ec6486fb100ae5e74c1d91292b982/certifi-2025.1.31-py3-none-any.whl", hash = "sha256:ca78db4565a652026a4db2bcdf68f2fb589ea80d0be70e03929ed730746b84fe" },
]

[[package]]
name = "charset-normalizer"
version = "3.4.1"
source = { registry = "https://artifactory.sddc.mobileye.com/artifactory/api/pypi/pypi/simple" }
sdist = { url = "https://artifactory.sddc.mobileye.com/artifactory/api/pypi/pypi/packages/packages/16/b0/572805e227f01586461c80e0fd25d65a2115599cc9dad142fee4b747c357/charset_normalizer-3.4.1.tar.gz", hash = "sha256:44251f18cd68a75b56585dd00dae26183e102cd5e0f9f1466e6df5da2ed64ea3" }
wheels = [
    { url = "https://artifactory.sddc.mobileye.com/artifactory/api/pypi/pypi/packages/packages/0e/f6/65ecc6878a89bb1c23a086ea335ad4bf21a588990c3f535a227b9eea9108/charset_normalizer-3.4.1-py3-none-any.whl", hash = "sha256:d98b1668f06378c6dbefec3b92299716b931cd4e6061f3c875a71ced1780ab85" },
]

[[package]]
name = "dateparser"
version = "1.2.1"
source = { registry = "https://artifactory.sddc.mobileye.com/artifactory/api/pypi/pypi/simple" }
dependencies = [
    { name = "python-dateutil" },
    { name = "pytz" },
    { name = "regex" },
    { name = "tzlocal" },
]
sdist = { url = "https://artifactory.sddc.mobileye.com/artifactory/api/pypi/pypi/packages/packages/bd/3f/d3207a05f5b6a78c66d86631e60bfba5af163738a599a5b9aa2c2737a09e/dateparser-1.2.1.tar.gz", hash = "sha256:7e4919aeb48481dbfc01ac9683c8e20bfe95bb715a38c1e9f6af889f4f30ccc3" }
wheels = [
    { url = "https://artifactory.sddc.mobileye.com/artifactory/api/pypi/pypi/packages/packages/cf/0a/981c438c4cd84147c781e4e96c1d72df03775deb1bc76c5a6ee8afa89c62/dateparser-1.2.1-py3-none-any.whl", hash = "sha256:bdcac262a467e6260030040748ad7c10d6bacd4f3b9cdb4cfd2251939174508c" },
]

[[package]]
name = "discord-lumberjack"
version = "1.1.3"
source = { registry = "https://artifactory.sddc.mobileye.com/artifactory/api/pypi/pypi/simple" }
dependencies = [
    { name = "requests" },
]
sdist = { url = "https://artifactory.sddc.mobileye.com/artifactory/api/pypi/pypi/packages/packages/65/01/42d7d8d0c543bbbebc98e097d699c1a4c25e9e569ef981c499700168251b/discord-lumberjack-1.1.3.tar.gz", hash = "sha256:5a2f4194ee5f733950c37141c536b1d6bd0395267f9287c9063a4c4517760713" }
wheels = [
    { url = "https://artifactory.sddc.mobileye.com/artifactory/api/pypi/pypi/packages/packages/63/7b/22c3dd30612cd4195c8072a05bea90a675241a8b5d2763ed60662bb4f107/discord_lumberjack-1.1.3-py3-none-any.whl", hash = "sha256:796f9888fb55722ca43a1e86be05ca83b4a40b94f7e5ec212df525d7ac51a0bd" },
]

[[package]]
name = "disnake"
version = "2.12.0"
source = { registry = "https://artifactory.sddc.mobileye.com/artifactory/api/pypi/pypi/simple" }
dependencies = [
    { name = "aiohttp" },
    { name = "typing-extensions" },
    { name = "yarl" },
]
sdist = { url = "https://artifactory.sddc.mobileye.com/artifactory/api/pypi/pypi/packages/packages/6e/38/ea128bb6c40e23ac73edab97f5f4b5eb6ef1865e1ff3e7f02d6457ef03de/disnake-2.12.0.tar.gz", hash = "sha256:7cbef25d5f5968e24ccc6ec896d12a7d51581dfef7e27871e2992b025e071efe" }
wheels = [
    { url = "https://artifactory.sddc.mobileye.com/artifactory/api/pypi/pypi/packages/packages/fe/fc/92c17c2e35267737ae1e1cd713e2beb7d7459030e1e2545d5eeb84aa4411/disnake-2.12.0-py3-none-any.whl", hash = "sha256:b2f2340bac5cd23262493ae615a5f7e03122b60193485e2eb8f5a358f79f0b4d" },
]

[[package]]
name = "frozenlist"
version = "1.5.0"
source = { registry = "https://artifactory.sddc.mobileye.com/artifactory/api/pypi/pypi/simple" }
sdist = { url = "https://artifactory.sddc.mobileye.com/artifactory/api/pypi/pypi/packages/packages/8f/ed/0f4cec13a93c02c47ec32d81d11c0c1efbadf4a471e3f3ce7cad366cbbd3/frozenlist-1.5.0.tar.gz", hash = "sha256:81d5af29e61b9c8348e876d442253723928dce6433e0e76cd925cd83f1b4b817" }
wheels = [
    { url = "https://artifactory.sddc.mobileye.com/artifactory/api/pypi/pypi/packages/packages/c6/c8/a5be5b7550c10858fcf9b0ea054baccab474da77d37f1e828ce043a3a5d4/frozenlist-1.5.0-py3-none-any.whl", hash = "sha256:d994863bba198a4a518b467bb971c56e1db3f180a25c6cf7bb1949c267f748c3" },
]

[[package]]
name = "idna"
version = "3.10"
source = { registry = "https://artifactory.sddc.mobileye.com/artifactory/api/pypi/pypi/simple" }
sdist = { url = "https://artifactory.sddc.mobileye.com/artifactory/api/pypi/pypi/packages/packages/f1/70/7703c29685631f5a7590aa73f1f1d3fa9a380e654b86af429e0934a32f7d/idna-3.10.tar.gz", hash = "sha256:12f65c9b470abda6dc35cf8e63cc574b1c52b11df2c86030af0ac09b01b13ea9" }
wheels = [
    { url = "https://artifactory.sddc.mobileye.com/artifactory/api/pypi/pypi/idna/3.10/idna-3.10-py3-none-any.whl", hash = "sha256:946d195a0d259cbba61165e88e65941f16e9b36ea6ddb97f00452bae8b1287d3" },
]

[[package]]
name = "multidict"
version = "6.1.0"
source = { registry = "https://artifactory.sddc.mobileye.com/artifactory/api/pypi/pypi/simple" }
sdist = { url = "https://artifactory.sddc.mobileye.com/artifactory/api/pypi/pypi/packages/packages/d6/be/504b89a5e9ca731cd47487e91c469064f8ae5af93b7259758dcfc2b9c848/multidict-6.1.0.tar.gz", hash = "sha256:22ae2ebf9b0c69d206c003e2f6a914ea33f0a932d4aa16f236afc049d9958f4a" }
wheels = [
    { url = "https://artifactory.sddc.mobileye.com/artifactory/api/pypi/pypi/packages/packages/99/b7/b9e70fde2c0f0c9af4cc5277782a89b66d35948ea3369ec9f598358c3ac5/multidict-6.1.0-py3-none-any.whl", hash = "sha256:48e171e52d1c4d33888e529b999e5900356b9ae588c2f09a52dcefb158b27506" },
]

[[package]]
name = "mypy"
version = "1.15.0"
source = { registry = "https://artifactory.sddc.mobileye.com/artifactory/api/pypi/pypi/simple" }
dependencies = [
    { name = "mypy-extensions" },
    { name = "typing-extensions" },
]
sdist = { url = "https://artifactory.sddc.mobileye.com/artifactory/api/pypi/pypi/packages/packages/ce/43/d5e49a86afa64bd3839ea0d5b9c7103487007d728e1293f52525d6d5486a/mypy-1.15.0.tar.gz", hash = "sha256:404534629d51d3efea5c800ee7c42b72a6554d6c400e6a79eafe15d11341fd43" }
wheels = [
    { url = "https://artifactory.sddc.mobileye.com/artifactory/api/pypi/pypi/packages/packages/09/4e/a7d65c7322c510de2c409ff3828b03354a7c43f5a8ed458a7a131b41c7b9/mypy-1.15.0-py3-none-any.whl", hash = "sha256:5469affef548bd1895d86d3bf10ce2b44e33d86923c29e4d675b3e323437ea3e" },
]

[[package]]
name = "mypy-extensions"
version = "1.0.0"
source = { registry = "https://artifactory.sddc.mobileye.com/artifactory/api/pypi/pypi/simple" }
sdist = { url = "https://artifactory.sddc.mobileye.com/artifactory/api/pypi/pypi/packages/packages/98/a4/1ab47638b92648243faf97a5aeb6ea83059cc3624972ab6b8d2316078d3f/mypy_extensions-1.0.0.tar.gz", hash = "sha256:75dbf8955dc00442a438fc4d0666508a9a97b6bd41aa2f0ffe9d2f2725af0782" }
wheels = [
    { url = "https://artifactory.sddc.mobileye.com/artifactory/api/pypi/pypi/packages/packages/2a/e2/5d3f6ada4297caebe1a2add3b126fe800c96f56dbe5d1988a2cbe0b267aa/mypy_extensions-1.0.0-py3-none-any.whl", hash = "sha256:4392f6c0eb8a5668a69e23d168ffa70f0be9ccfd32b5cc2d26a34ae5b844552d" },
]

[[package]]
name = "nodejs-wheel-binaries"
version = "24.13.1"
source = { registry = "https://artifactory.sddc.mobileye.com/artifactory/api/pypi/pypi/simple" }
sdist = { url = "https://artifactory.sddc.mobileye.com/artifactory/api/pypi/pypi/packages/packages/e5/d0/81d98b8fddc45332f79d6ad5749b1c7409fb18723545eae75d9b7e0048fb/nodejs_wheel_binaries-24.13.1.tar.gz", hash = "sha256:512659a67449a038231e2e972d49e77049d2cf789ae27db39eff4ab1ca52ac57" }
wheels = [
    { url = "https://artifactory.sddc.mobileye.com/artifactory/api/pypi/pypi/packages/packages/aa/04/1ffe1838306654fcb50bcf46172567d50c8e27a76f4b9e55a1971fab5c4f/nodejs_wheel_binaries-24.13.1-py2.py3-none-macosx_13_0_arm64.whl", hash = "sha256:360ac9382c651de294c23c4933a02358c4e11331294983f3cf50ca1ac32666b1" },
    { url = "https://artifactory.sddc.mobileye.com/artifactory/api/pypi/pypi/packages/packages/66/f6/81ad81bc3bd919a20b110130c4fd318c7b6a5abb37eb53daa353ad908012/nodejs_wheel_binaries-24.13.1-py2.py3-none-macosx_13_0_x86_64.whl", hash = "sha256:035b718946793986762cdd50deee7f5f1a8f1b0bad0f0cfd57cad5492f5ea018" },
    { url = "https://artifactory.sddc.mobileye.com/artifactory/api/pypi/pypi/packages/packages/14/be/8e8a2bd50953c4c5b7e0fca07368d287917b84054dc3c93dd26a2940f0f9/nodejs_wheel_binaries-24.13.1-py2.py3-none-manylinux_2_28_aarch64.whl", hash = "sha256:f795e9238438c4225f76fbd01e2b8e1a322116bbd0dc15a7dbd585a3ad97961e" },
    { url = "https://artifactory.sddc.mobileye.com/artifactory/api/pypi/pypi/packages/packages/58/57/92f6dfa40647702a9fa6d32393ce4595d0fc03c1daa9b245df66cc60e959/nodejs_wheel_binaries-24.13.1-py2.py3-none-manylinux_2_28_x86_64.whl", hash = "sha256:978328e3ad522571eb163b042dfbd7518187a13968fe372738f90fdfe8a46afc" },
    { url = "https://artifactory.sddc.mobileye.com/artifactory/api/pypi/pypi/packages/packages/f7/a5/457b984cf675cf86ace7903204b9c36edf7a2d1b4325ddf71eaf8d1027c7/nodejs_wheel_binaries-24.13.1-py2.py3-none-musllinux_1_2_aarch64.whl", hash = "sha256:e1dc893df85299420cd2a5feea0c3f8482a719b5f7f82d5977d58718b8b78b5f" },
    { url = "https://artifactory.sddc.mobileye.com/artifactory/api/pypi/pypi/packages/packages/3c/99/da515f7bc3bce35cfa6005f0e0c4e3c4042a466782b143112eb393b663be/nodejs_wheel_binaries-24.13.1-py2.py3-none-musllinux_1_2_x86_64.whl", hash = "sha256:0e581ae219a39073dcadd398a2eb648f0707b0f5d68c565586139f919c91cbe9" },
    { url = "https://artifactory.sddc.mobileye.com/artifactory/api/pypi/pypi/packages/packages/cc/c0/22001d2c96d8200834af7d1de5e72daa3266c7270330275104c3d9ddd143/nodejs_wheel_binaries-24.13.1-py2.py3-none-win_amd64.whl", hash = "sha256:d4c969ea0bcb8c8b20bc6a7b4ad2796146d820278f17d4dc20229b088c833e22" },
    { url = "https://artifactory.sddc.mobileye.com/artifactory/api/pypi/pypi/packages/packages/ab/c4/7532325f968ecfc078e8a028e69a52e4c3f95fb800906bf6931ac1e89e2b/nodejs_wheel_binaries-24.13.1-py2.py3-none-win_arm64.whl", hash = "sha256:caec398cb9e94c560bacdcba56b3828df22a355749eb291f47431af88cbf26dc" },
]

[[package]]
name = "paul-bot"
version = "0.2.0"
source = { editable = "." }
dependencies = [
    { name = "asyncpg" },
    { name = "dateparser" },
    { name = "discord-lumberjack" },
    { name = "disnake" },
    { name = "psutil" },
    { name = "python-dotenv" },
    { name = "typed-data-structures" },
]

[package.dev-dependencies]
dev = [
    { name = "basedpyright" },
    { name = "mypy" },
    { name = "ruff" },
    { name = "types-dateparser" },
    { name = "types-psutil" },
    { name = "vulture" },
]

[package.metadata]
requires-dist = [
    { name = "asyncpg", specifier = ">=0.27" },
    { name = "dateparser", specifier = ">=1.1" },
    { name = "discord-lumberjack", specifier = ">=1.0" },
    { name = "disnake", specifier = ">=2.12" },
    { name = "psutil", specifier = ">=6.1.1" },
    { name = "python-dotenv", specifier = ">=0.19" },
    { name = "typed-data-structures", specifier = ">=0.0.2" },
]

[package.metadata.requires-dev]
dev = [
    { name = "basedpyright", specifier = ">=1.38.1" },
    { name = "mypy", specifier = ">=1.15.0" },
    { name = "ruff", specifier = ">=0.15.2" },
    { name = "types-dateparser", specifier = ">=1.2.0" },
    { name = "types-psutil", specifier = ">=6.1.0.20241221" },
    { name = "vulture", specifier = ">=2.14" },
]

[[package]]
name = "propcache"
version = "0.2.1"
source = { registry = "https://artifactory.sddc.mobileye.com/artifactory/api/pypi/pypi/simple" }
sdist = { url = "https://artifactory.sddc.mobileye.com/artifactory/api/pypi/pypi/packages/packages/20/c8/2a13f78d82211490855b2fb303b6721348d0787fdd9a12ac46d99d3acde1/propcache-0.2.1.tar.gz", hash = "sha256:3f77ce728b19cb537714499928fe800c3dda29e8d9428778fc7c186da4c09a64" }
wheels = [
    { url = "https://artifactory.sddc.mobileye.com/artifactory/api/pypi/pypi/packages/packages/41/b6/c5319caea262f4821995dca2107483b94a3345d4607ad797c76cb9c36bcc/propcache-0.2.1-py3-none-any.whl", hash = "sha256:52277518d6aae65536e9cea52d4e7fd2f7a66f4aa2d30ed3f2fcea620ace3c54" },
]

[[package]]
name = "psutil"
version = "6.1.1"
source = { registry = "https://artifactory.sddc.mobileye.com/artifactory/api/pypi/pypi/simple" }
sdist = { url = "https://artifactory.sddc.mobileye.com/artifactory/api/pypi/pypi/packages/packages/1f/5a/07871137bb752428aa4b659f910b399ba6f291156bdea939be3e96cae7cb/psutil-6.1.1.tar.gz", hash = "sha256:cf8496728c18f2d0b45198f06895be52f36611711746b7f30c464b422b50e2f5" }
wheels = [
    { url = "https://artifactory.sddc.mobileye.com/artifactory/api/pypi/pypi/packages/packages/61/99/ca79d302be46f7bdd8321089762dd4476ee725fce16fc2b2e1dbba8cac17/psutil-6.1.1-cp36-abi3-macosx_10_9_x86_64.whl", hash = "sha256:fc0ed7fe2231a444fc219b9c42d0376e0a9a1a72f16c5cfa0f68d19f1a0663e8" },
    { url = "https://artifactory.sddc.mobileye.com/artifactory/api/pypi/pypi/packages/packages/0b/6b/73dbde0dd38f3782905d4587049b9be64d76671042fdcaf60e2430c6796d/psutil-6.1.1-cp36-abi3-macosx_11_0_arm64.whl", hash = "sha256:0bdd4eab935276290ad3cb718e9809412895ca6b5b334f5a9111ee6d9aff9377" },
    { url = "https://artifactory.sddc.mobileye.com/artifactory/api/pypi/pypi/packages/packages/17/38/c319d31a1d3f88c5b79c68b3116c129e5133f1822157dd6da34043e32ed6/psutil-6.1.1-cp36-abi3-manylinux_2_12_i686.manylinux2010_i686.manylinux_2_17_i686.manylinux2014_i686.whl", hash = "sha256:b6e06c20c05fe95a3d7302d74e7097756d4ba1247975ad6905441ae1b5b66003" },
    { url = "https://artifactory.sddc.mobileye.com/artifactory/api/pypi/pypi/packages/packages/9c/39/0f88a830a1c8a3aba27fededc642da37613c57cbff143412e3536f89784f/psutil-6.1.1-cp36-abi3-manylinux_2_12_x86_64.manylinux2010_x86_64.manylinux_2_17_x86_64.manylinux2014_x86_64.whl", hash = "sha256:97f7cb9921fbec4904f522d972f0c0e1f4fabbdd4e0287813b21215074a0f160" },
    { url = "https://artifactory.sddc.mobileye.com/artifactory/api/pypi/pypi/packages/packages/47/da/99f4345d4ddf2845cb5b5bd0d93d554e84542d116934fde07a0c50bd4e9f/psutil-6.1.1-cp36-abi3-manylinux_2_17_aarch64.manylinux2014_aarch64.whl", hash = "sha256:33431e84fee02bc84ea36d9e2c4a6d395d479c9dd9bba2376c1f6ee8f3a4e0b3" },
    { url = "https://artifactory.sddc.mobileye.com/artifactory/api/pypi/pypi/packages/packages/38/53/bd755c2896f4461fd4f36fa6a6dcb66a88a9e4b9fd4e5b66a77cf9d4a584/psutil-6.1.1-cp37-abi3-win32.whl", hash = "sha256:eaa912e0b11848c4d9279a93d7e2783df352b082f40111e078388701fd479e53" },
    { url = "https://artifactory.sddc.mobileye.com/artifactory/api/pypi/pypi/packages/packages/7b/d7/7831438e6c3ebbfa6e01a927127a6cb42ad3ab844247f3c5b96bea25d73d/psutil-6.1.1-cp37-abi3-win_amd64.whl", hash = "sha256:f35cfccb065fff93529d2afb4a2e89e363fe63ca1e4a5da22b603a85833c2649" },
]

[[package]]
name = "python-dateutil"
version = "2.9.0.post0"
source = { registry = "https://artifactory.sddc.mobileye.com/artifactory/api/pypi/pypi/simple" }
dependencies = [
    { name = "six" },
]
sdist = { url = "https://artifactory.sddc.mobileye.com/artifactory/api/pypi/pypi/packages/packages/66/c0/0c8b6ad9f17a802ee498c46e004a0eb49bc148f2fd230864601a86dcf6db/python-dateutil-2.9.0.post0.tar.gz", hash = "sha256:37dd54208da7e1cd875388217d5e00ebd4179249f90fb72437e91a35459a0ad3" }
wheels = [
    { url = "https://artifactory.sddc.mobileye.com/artifactory/api/pypi/pypi/python-dateutil/2.9.0.post0/python_dateutil-2.9.0.post0-py2.py3-none-any.whl", hash = "sha256:a8b2bc7bffae282281c8140a97d3aa9c14da0b136dfe83f850eea9a5f7470427" },
]

[[package]]
name = "python-dotenv"
version = "1.0.1"
source = { registry = "https://artifactory.sddc.mobileye.com/artifactory/api/pypi/pypi/simple" }
sdist = { url = "https://artifactory.sddc.mobileye.com/artifactory/api/pypi/pypi/packages/packages/bc/57/e84d88dfe0aec03b7a2d4327012c1627ab5f03652216c63d49846d7a6c58/python-dotenv-1.0.1.tar.gz", hash = "sha256:e324ee90a023d808f1959c46bcbc04446a10ced277783dc6ee09987c37ec10ca" }
wheels = [
    { url = "https://artifactory.sddc.mobileye.com/artifactory/api/pypi/pypi/packages/packages/6a/3e/b68c118422ec867fa7ab88444e1274aa40681c606d59ac27de5a5588f082/python_dotenv-1.0.1-py3-none-any.whl", hash = "sha256:f7b63ef50f1b690dddf550d03497b66d609393b40b564ed0d674909a68ebf16a" },
]

[[package]]
name = "pytz"
version = "2025.1"
source = { registry = "https://artifactory.sddc.mobileye.com/artifactory/api/pypi/pypi/simple" }
sdist = { url = "https://artifactory.sddc.mobileye.com/artifactory/api/pypi/pypi/packages/packages/5f/57/df1c9157c8d5a05117e455d66fd7cf6dbc46974f832b1058ed4856785d8a/pytz-2025.1.tar.gz", hash = "sha256:c2db42be2a2518b28e65f9207c4d05e6ff547d1efa4086469ef855e4ab70178e" }
wheels = [
    { url = "https://artifactory.sddc.mobileye.com/artifactory/api/pypi/pypi/packages/packages/eb/38/ac33370d784287baa1c3d538978b5e2ea064d4c1b93ffbd12826c190dd10/pytz-2025.1-py2.py3-none-any.whl", hash = "sha256:89dd22dca55b46eac6eda23b2d72721bf1bdfef212645d81513ef5d03038de57" },
]

[[package]]
name = "regex"
version = "2024.11.6"
source = { registry = "https://artifactory.sddc.mobileye.com/artifactory/api/pypi/pypi/simple" }
sdist = { url = "https://artifactory.sddc.mobileye.com/artifactory/api/pypi/pypi/packages/packages/8e/5f/bd69653fbfb76cf8604468d3b4ec4c403197144c7bfe0e6a5fc9e02a07cb/regex-2024.11.6.tar.gz", hash = "sha256:7ab159b063c52a0333c884e4679f8d7a85112ee3078fe3d9004b2dd875585519" }

[[package]]
name = "requests"
version = "2.32.3"
source = { registry = "https://artifactory.sddc.mobileye.com/artifactory/api/pypi/pypi/simple" }
dependencies = [
    { name = "certifi" },
    { name = "charset-normalizer" },
    { name = "idna" },
    { name = "urllib3" },
]
sdist = { url = "https://artifactory.sddc.mobileye.com/artifactory/api/pypi/pypi/packages/packages/63/70/2bf7780ad2d390a8d301ad0b550f1581eadbd9a20f896afe06353c2a2913/requests-2.32.3.tar.gz", hash = "sha256:55365417734eb18255590a9ff9eb97e9e1da868d4ccd6402399eaf68af20a760" }
wheels = [
    { url = "https://artifactory.sddc.mobileye.com/artifactory/api/pypi/pypi/requests/2.32.3/requests-2.32.3-py3-none-any.whl", hash = "sha256:70761cfe03c773ceb22aa2f671b4757976145175cdfca038c02654d061d6dcc6" },
]

[[package]]
name = "ruff"
version = "0.15.2"
source = { registry = "https://artifactory.sddc.mobileye.com/artifactory/api/pypi/pypi/simple" }
sdist = { url = "https://artifactory.sddc.mobileye.com/artifactory/api/pypi/pypi/packages/packages/06/04/eab13a954e763b0606f460443fcbf6bb5a0faf06890ea3754ff16523dce5/ruff-0.15.2.tar.gz", hash = "sha256:14b965afee0969e68bb871eba625343b8673375f457af4abe98553e8bbb98342" }
wheels = [
    { url = "https://artifactory.sddc.mobileye.com/artifactory/api/pypi/pypi/packages/packages/2f/70/3a4dc6d09b13cb3e695f28307e5d889b2e1a66b7af9c5e257e796695b0e6/ruff-0.15.2-py3-none-linux_armv6l.whl", hash = "sha256:120691a6fdae2f16d65435648160f5b81a9625288f75544dc40637436b5d3c0d" },
    { url = "https://artifactory.sddc.mobileye.com/artifactory/api/pypi/pypi/packages/packages/71/0b/bb8457b56185ece1305c666dc895832946d24055be90692381c31d57466d/ruff-0.15.2-py3-none-macosx_10_12_x86_64.whl", hash = "sha256:a89056d831256099658b6bba4037ac6dd06f49d194199215befe2bb10457ea5e" },
    { url = "https://artifactory.sddc.mobileye.com/artifactory/api/pypi/pypi/packages/packages/2d/c1/e0532d7f9c9e0b14c46f61b14afd563298b8b83f337b6789ddd987e46121/ruff-0.15.2-py3-none-macosx_11_0_arm64.whl", hash = "sha256:e36dee3a64be0ebd23c86ffa3aa3fd3ac9a712ff295e192243f814a830b6bd87" },
    { url = "https://artifactory.sddc.mobileye.com/artifactory/api/pypi/pypi/packages/packages/47/e8/da1aa341d3af017a21c7a62fb5ec31d4e7ad0a93ab80e3a508316efbcb23/ruff-0.15.2-py3-none-manylinux_2_17_aarch64.manylinux2014_aarch64.whl", hash = "sha256:a9fb47b6d9764677f8c0a193c0943ce9a05d6763523f132325af8a858eadc2b9" },
    { url = "https://artifactory.sddc.mobileye.com/artifactory/api/pypi/pypi/packages/packages/93/74/184fbf38e9f3510231fbc5e437e808f0b48c42d1df9434b208821efcd8d6/ruff-0.15.2-py3-none-manylinux_2_17_armv7l.manylinux2014_armv7l.whl", hash = "sha256:f376990f9d0d6442ea9014b19621d8f2aaf2b8e39fdbfc79220b7f0c596c9b80" },
    { url = "https://artifactory.sddc.mobileye.com/artifactory/api/pypi/pypi/packages/packages/05/ac/605c20b8e059a0bc4b42360414baa4892ff278cec1c91fff4be0dceedefd/ruff-0.15.2-py3-none-manylinux_2_17_i686.manylinux2014_i686.whl", hash = "sha256:2dcc987551952d73cbf5c88d9fdee815618d497e4df86cd4c4824cc59d5dd75f" },
    { url = "https://artifactory.sddc.mobileye.com/artifactory/api/pypi/pypi/packages/packages/fd/52/db6e419908f45a894924d410ac77d64bdd98ff86901d833364251bd08e22/ruff-0.15.2-py3-none-manylinux_2_17_ppc64le.manylinux2014_ppc64le.whl", hash = "sha256:42a47fd785cbe8c01b9ff45031af875d101b040ad8f4de7bbb716487c74c9a77" },
    { url = "https://artifactory.sddc.mobileye.com/artifactory/api/pypi/pypi/packages/packages/3e/d8/7992b18f2008bdc9231d0f10b16df7dda964dbf639e2b8b4c1b4e91b83af/ruff-0.15.2-py3-none-manylinux_2_17_s390x.manylinux2014_s390x.whl", hash = "sha256:cbe9f49354866e575b4c6943856989f966421870e85cd2ac94dccb0a9dcb2fea" },
    { url = "https://artifactory.sddc.mobileye.com/artifactory/api/pypi/pypi/packages/packages/d7/02/849b46184bcfdd4b64cde61752cc9a146c54759ed036edd11857e9b8443b/ruff-0.15.2-py3-none-manylinux_2_17_x86_64.manylinux2014_x86_64.whl", hash = "sha256:b7a672c82b5f9887576087d97be5ce439f04bbaf548ee987b92d3a7dede41d3a" },
    { url = "https://artifactory.sddc.mobileye.com/artifactory/api/pypi/pypi/packages/packages/70/04/f5284e388bab60d1d3b99614a5a9aeb03e0f333847e2429bebd2aaa1feec/ruff-0.15.2-py3-none-manylinux_2_31_riscv64.whl", hash = "sha256:72ecc64f46f7019e2bcc3cdc05d4a7da958b629a5ab7033195e11a438403d956" },
    { url = "https://artifactory.sddc.mobileye.com/artifactory/api/pypi/pypi/packages/packages/fa/ae/88d844a21110e14d92cf73d57363fab59b727ebeabe78009b9ccb23500af/ruff-0.15.2-py3-none-musllinux_1_2_aarch64.whl", hash = "sha256:8dcf243b15b561c655c1ef2f2b0050e5d50db37fe90115507f6ff37d865dc8b4" },
    { url = "https://artifactory.sddc.mobileye.com/artifactory/api/pypi/pypi/packages/packages/64/27/867076a6ada7f2b9c8292884ab44d08fd2ba71bd2b5364d4136f3cd537e1/ruff-0.15.2-py3-none-musllinux_1_2_armv7l.whl", hash = "sha256:dab6941c862c05739774677c6273166d2510d254dac0695c0e3f5efa1b5585de" },
    { url = "https://artifactory.sddc.mobileye.com/artifactory/api/pypi/pypi/packages/packages/e7/ef/faf9321d550f8ebf0c6373696e70d1758e20ccdc3951ad7af00c0956be7c/ruff-0.15.2-py3-none-musllinux_1_2_i686.whl", hash = "sha256:1b9164f57fc36058e9a6806eb92af185b0697c9fe4c7c52caa431c6554521e5c" },
    { url = "https://artifactory.sddc.mobileye.com/artifactory/api/pypi/pypi/packages/packages/2f/55/e8089fec62e050ba84d71b70e7834b97709ca9b7aba10c1a0b196e493f97/ruff-0.15.2-py3-none-musllinux_1_2_x86_64.whl", hash = "sha256:80d24fcae24d42659db7e335b9e1531697a7102c19185b8dc4a028b952865fd8" },
    { url = "https://artifactory.sddc.mobileye.com/artifactory/api/pypi/pypi/packages/packages/23/01/1c30526460f4d23222d0fabd5888868262fd0e2b71a00570ca26483cd993/ruff-0.15.2-py3-none-win32.whl", hash = "sha256:fd5ff9e5f519a7e1bd99cbe8daa324010a74f5e2ebc97c6242c08f26f3714f6f" },
    { url = "https://artifactory.sddc.mobileye.com/artifactory/api/pypi/pypi/packages/packages/5c/10/3d18e3bbdf8fc50bbb4ac3cc45970aa5a9753c5cb51bf9ed9a3cd8b79fa3/ruff-0.15.2-py3-none-win_amd64.whl", hash = "sha256:d20014e3dfa400f3ff84830dfb5755ece2de45ab62ecea4af6b7262d0fb4f7c5" },
    { url = "https://artifactory.sddc.mobileye.com/artifactory/api/pypi/pypi/packages/packages/6d/78/097c0798b1dab9f8affe73da9642bb4500e098cb27fd8dc9724816ac747b/ruff-0.15.2-py3-none-win_arm64.whl", hash = "sha256:cabddc5822acdc8f7b5527b36ceac55cc51eec7b1946e60181de8fe83ca8876e" },
]

[[package]]
name = "six"
version = "1.17.0"
source = { registry = "https://artifactory.sddc.mobileye.com/artifactory/api/pypi/pypi/simple" }
sdist = { url = "https://artifactory.sddc.mobileye.com/artifactory/api/pypi/pypi/packages/packages/94/e7/b2c673351809dca68a0e064b6af791aa332cf192da575fd474ed7d6f16a2/six-1.17.0.tar.gz", hash = "sha256:ff70335d468e7eb6ec65b95b99d3a2836546063f63acc5171de367e834932a81" }
wheels = [
    { url = "https://artifactory.sddc.mobileye.com/artifactory/api/pypi/pypi/six/1.17.0/six-1.17.0-py2.py3-none-any.whl", hash = "sha256:4721f391ed90541fddacab5acf947aa0d3dc7d27b2e1e8eda2be8970586c3274" },
]

[[package]]
name = "typed-data-structures"
version = "0.0.2"
source = { registry = "https://artifactory.sddc.mobileye.com/artifactory/api/pypi/pypi/simple" }
sdist = { url = "https://artifactory.sddc.mobileye.com/artifactory/api/pypi/pypi/packages/packages/70/d0/c62baedca2e420d56a2520efd369cd745332a447f45ac5052b011641f8ff/typed-data-structures-0.0.2.tar.gz", hash = "sha256:c7933d7fdebbcb25be7010fcc006b8d76bd135ea11574cfc96488dc62a2e6b08" }
wheels = [
    { url = "https://artifactory.sddc.mobileye.com/artifactory/api/pypi/pypi/packages/packages/3a/35/0c37685413099cdc8dae3ae2a3b949d26b39e27af1290fbc615ec45e78a7/typed_data_structures-0.0.2-py3-none-any.whl", hash = "sha256:b5fff1569d79f5fd6b8f8e80e525edafeff8eaf1205a05f2c10a21126126214e" },
]

[[package]]
name = "types-dateparser"
version = "1.2.0.20250208"
source = { registry = "https://artifactory.sddc.mobileye.com/artifactory/api/pypi/pypi/simple" }
sdist = { url = "https://artifactory.sddc.mobileye.com/artifactory/api/pypi/pypi/packages/packages/da/9e/06305e20da13e1014398dac11c346089294f933a1e9e18c80b752b97a795/types_dateparser-1.2.0.20250208.tar.gz", hash = "sha256:11ad024b43a655bcab564f21b172a117e6a09d0fc2e8a8131f52e5b68a59a2a6" }
wheels = [
    { url = "https://artifactory.sddc.mobileye.com/artifactory/api/pypi/pypi/packages/packages/eb/c3/7bbc3d907eaa5cf604207f19b60be5773e12065c621e1bb61f7f9f5159ec/types_dateparser-1.2.0.20250208-py3-none-any.whl", hash = "sha256:bfe9d2f36fca22900797bfdd240e3175d885b9541237447ddd7161ea1be2ff77" },
]

[[package]]
name = "types-psutil"
version = "6.1.0.20241221"
source = { registry = "https://artifactory.sddc.mobileye.com/artifactory/api/pypi/pypi/simple" }
sdist = { url = "https://artifactory.sddc.mobileye.com/artifactory/api/pypi/pypi/packages/packages/44/8c/5f82cd554cc5bb79d137f082e4c9f8d22e85c8c08dabee4971d422a9abdd/types_psutil-6.1.0.20241221.tar.gz", hash = "sha256:600f5a36bd5e0eb8887f0e3f3ff2cf154d90690ad8123c8a707bba4ab94d3185" }
wheels = [
    { url = "https://artifactory.sddc.mobileye.com/artifactory/api/pypi/pypi/packages/packages/2e/8f/eda6f25fe59e683b875108f520dfaf683dd45aed59051ec55b9470d869b7/types_psutil-6.1.0.20241221-py3-none-any.whl", hash = "sha256:8498dbe13285a9ba7d4b2fa934c569cc380efc74e3dacdb34ae16d2cdf389ec3" },
]

[[package]]
name = "typing-extensions"
version = "4.12.2"
source = { registry = "https://artifactory.sddc.mobileye.com/artifactory/api/pypi/pypi/simple" }
sdist = { url = "https://artifactory.sddc.mobileye.com/artifactory/api/pypi/pypi/packages/packages/df/db/f35a00659bc03fec321ba8bce9420de607a1d37f8342eee1863174c69557/typing_extensions-4.12.2.tar.gz", hash = "sha256:1a7ead55c7e559dd4dee8856e3a88b41225abfe1ce8df57b7c13915fe121ffb8" }
wheels = [
    { url = "https://artifactory.sddc.mobileye.com/artifactory/api/pypi/pypi/packages/packages/26/9f/ad63fc0248c5379346306f8668cda6e2e2e9c95e01216d2b8ffd9ff037d0/typing_extensions-4.12.2-py3-none-any.whl", hash = "sha256:04e5ca0351e0f3f85c6853954072df659d0d13fac324d0072316b67d7794700d" },
]

[[package]]
name = "tzdata"
version = "2025.1"
source = { registry = "https://artifactory.sddc.mobileye.com/artifactory/api/pypi/pypi/simple" }
sdist = { url = "https://artifactory.sddc.mobileye.com/artifactory/api/pypi/pypi/packages/packages/43/0f/fa4723f22942480be4ca9527bbde8d43f6c3f2fe8412f00e7f5f6746bc8b/tzdata-2025.1.tar.gz", hash = "sha256:24894909e88cdb28bd1636c6887801df64cb485bd593f2fd83ef29075a81d694" }
wheels = [
    { url = "https://artifactory.sddc.mobileye.com/artifactory/api/pypi/pypi/packages/packages/0f/dd/84f10e23edd882c6f968c21c2434fe67bd4a528967067515feca9e611e5e/tzdata-2025.1-py2.py3-none-any.whl", hash = "sha256:7e127113816800496f027041c570f50bcd464a020098a3b6b199517772303639" },
]

[[package]]
name = "tzlocal"
version = "5.2"
source = { registry = "https://artifactory.sddc.mobileye.com/artifactory/api/pypi/pypi/simple" }
dependencies = [
    { name = "tzdata", marker = "sys_platform == 'win32'" },
]
sdist = { url = "https://artifactory.sddc.mobileye.com/artifactory/api/pypi/pypi/packages/packages/04/d3/c19d65ae67636fe63953b20c2e4a8ced4497ea232c43ff8d01db16de8dc0/tzlocal-5.2.tar.gz", hash = "sha256:8d399205578f1a9342816409cc1e46a93ebd5755e39ea2d85334bea911bf0e6e" }
wheels = [
    { url = "https://artifactory.sddc.mobileye.com/artifactory/api/pypi/pypi/packages/packages/97/3f/c4c51c55ff8487f2e6d0e618dba917e3c3ee2caae6cf0fbb59c9b1876f2e/tzlocal-5.2-py3-none-any.whl", hash = "sha256:49816ef2fe65ea8ac19d19aa7a1ae0551c834303d5014c6d5a62e4cbda8047b8" },
]

[[package]]
name = "urllib3"
version = "2.3.0"
source = { registry = "https://artifactory.sddc.mobileye.com/artifactory/api/pypi/pypi/simple" }
sdist = { url = "https://artifactory.sddc.mobileye.com/artifactory/api/pypi/pypi/packages/packages/aa/63/e53da845320b757bf29ef6a9062f5c669fe997973f966045cb019c3f4b66/urllib3-2.3.0.tar.gz", hash = "sha256:f8c5449b3cf0861679ce7e0503c7b44b5ec981bec0d1d3795a07f1ba96f0204d" }
wheels = [
    { url = "https://artifactory.sddc.mobileye.com/artifactory/api/pypi/pypi/packages/packages/c8/19/4ec628951a74043532ca2cf5d97b7b14863931476d117c471e8e2b1eb39f/urllib3-2.3.0-py3-none-any.whl", hash = "sha256:1cee9ad369867bfdbbb48b7dd50374c0967a0bb7710050facf0dd6911440e3df" },
]

[[package]]
name = "vulture"
version = "2.14"
source = { registry = "https://artifactory.sddc.mobileye.com/artifactory/api/pypi/pypi/simple" }
sdist = { url = "https://artifactory.sddc.mobileye.com/artifactory/api/pypi/pypi/packages/packages/8e/25/925f35db758a0f9199113aaf61d703de891676b082bd7cf73ea01d6000f7/vulture-2.14.tar.gz", hash = "sha256:cb8277902a1138deeab796ec5bef7076a6e0248ca3607a3f3dee0b6d9e9b8415" }
wheels = [
    { url = "https://artifactory.sddc.mobileye.com/artifactory/api/pypi/pypi/packages/packages/a0/56/0cc15b8ff2613c1d5c3dc1f3f576ede1c43868c1bc2e5ccaa2d4bcd7974d/vulture-2.14-py2.py3-none-any.whl", hash = "sha256:d9a90dba89607489548a49d557f8bac8112bd25d3cbc8aeef23e860811bd5ed9" },
]

[[package]]
name = "yarl"
version = "1.18.3"
source = { registry = "https://artifactory.sddc.mobileye.com/artifactory/api/pypi/pypi/simple" }
dependencies = [
    { name = "idna" },
    { name = "multidict" },
    { name = "propcache" },
]
sdist = { url = "https://artifactory.sddc.mobileye.com/artifactory/api/pypi/pypi/packages/packages/b7/9d/4b94a8e6d2b51b599516a5cb88e5bc99b4d8d4583e468057eaa29d5f0918/yarl-1.18.3.tar.gz", hash = "sha256:ac1801c45cbf77b6c99242eeff4fffb5e4e73a800b5c4ad4fc0be5def634d2e1" }
wheels = [
    { url = "https://artifactory.sddc.mobileye.com/artifactory/api/pypi/pypi/packages/packages/f5/4b/a06e0ec3d155924f77835ed2d167ebd3b211a7b0853da1cf8d8414d784ef/yarl-1.18.3-py3-none-any.whl", hash = "sha256:b57f4f58099328dfb26c6a771d09fb20dbbae81d20cfb66141251ea063bd101b" },
]
